
Microsoft Visual Studio Solution File, Format Version 12.00
# Visual Studio Version 16
VisualStudioVersion = 16.0.31702.278
MinimumVisualStudioVersion = 10.0.40219.1
Project("{FAE04EC0-301F-11D3-BF4B-00C04F79EFBC}") = "Imagen", "Imagen\Imagen.csproj", "{1EE8BCEE-0EA5-4E01-A63E-3FA846CC30A4}"
EndProject
Global
	GlobalSection(SolutionConfigurationPlatforms) = preSolution
		Debug|Any CPU = Debug|Any CPU
		Release|Any CPU = Release|Any CPU
	EndGlobalSection
	GlobalSection(ProjectConfigurationPlatforms) = postSolution
		{1EE8BCEE-0EA5-4E01-A63E-3FA846CC30A4}.Debug|Any CPU.ActiveCfg = Debug|Any CPU
		{1EE8BCEE-0EA5-4E01-A63E-3FA846CC30A4}.Debug|Any CPU.Build.0 = Debug|Any CPU
		{1EE8BCEE-0EA5-4E01-A63E-3FA846CC30A4}.Release|Any CPU.ActiveCfg = Release|Any CPU
		{1EE8BCEE-0EA5-4E01-A63E-3FA846CC30A4}.Release|Any CPU.Build.0 = Release|Any CPU
	EndGlobalSection
	GlobalSection(SolutionProperties) = preSolution
		HideSolutionNode = FALSE
	EndGlobalSection
	GlobalSection(ExtensibilityGlobals) = postSolution
		SolutionGuid = {3EBCA3CF-D6BC-46C5-A8AE-469C627F52FB}
	EndGlobalSection
EndGlobal
